
Microsoft Visual Studio Solution File, Format Version 12.00
# Visual Studio Version 16
VisualStudioVersion = 16.0.35026.282
MinimumVisualStudioVersion = 10.0.40219.1
Project("{FAE04EC0-301F-11D3-BF4B-00C04F79EFBC}") = "InstagramGiris", "InstagramGiris\InstagramGiris.csproj", "{EC77B3E4-EE64-4ED0-8AA4-A422F0E40E1E}"
EndProject
Global
	GlobalSection(SolutionConfigurationPlatforms) = preSolution
		Debug|Any CPU = Debug|Any CPU
		Release|Any CPU = Release|Any CPU
	EndGlobalSection
	GlobalSection(ProjectConfigurationPlatforms) = postSolution
		{EC77B3E4-EE64-4ED0-8AA4-A422F0E40E1E}.Debug|Any CPU.ActiveCfg = Debug|Any CPU
		{EC77B3E4-EE64-4ED0-8AA4-A422F0E40E1E}.Debug|Any CPU.Build.0 = Debug|Any CPU
		{EC77B3E4-EE64-4ED0-8AA4-A422F0E40E1E}.Release|Any CPU.ActiveCfg = Release|Any CPU
		{EC77B3E4-EE64-4ED0-8AA4-A422F0E40E1E}.Release|Any CPU.Build.0 = Release|Any CPU
	EndGlobalSection
	GlobalSection(SolutionProperties) = preSolution
		HideSolutionNode = FALSE
	EndGlobalSection
	GlobalSection(ExtensibilityGlobals) = postSolution
		SolutionGuid = {426AFFE7-05D2-4BF9-A69B-E21902A9F2AA}
	EndGlobalSection
EndGlobal
